// !$*UTF8*$!
{
	archiveVersion = 1;
	classes = {
	};
	objectVersion = 56;
	objects = {

/* Begin PBXBuildFile section */
		511652E529595DF800B0CC9A /* landmarkData.json in Resources */ = {isa = PBXBuildFile; fileRef = 511652E429595DF800B0CC9A /* landmarkData.json */; };
		511652E729595E1200B0CC9A /* Landmark.swift in Sources */ = {isa = PBXBuildFile; fileRef = 511652E629595E1200B0CC9A /* Landmark.swift */; };
		511652E929595FC000B0CC9A /* ModelData.swift in Sources */ = {isa = PBXBuildFile; fileRef = 511652E829595FC000B0CC9A /* ModelData.swift */; };
		511652EE295961D100B0CC9A /* LandmarkRow.swift in Sources */ = {isa = PBXBuildFile; fileRef = 511652ED295961D100B0CC9A /* LandmarkRow.swift */; };
		511652F22959640900B0CC9A /* LandmarkList.swift in Sources */ = {isa = PBXBuildFile; fileRef = 511652F12959640900B0CC9A /* LandmarkList.swift */; };
		511652F4295964E500B0CC9A /* LandmarkDetail.swift in Sources */ = {isa = PBXBuildFile; fileRef = 511652F3295964E500B0CC9A /* LandmarkDetail.swift */; };
		514B49AC29593F260062C6F5 /* Landmarks_Tutorial_AppApp.swift in Sources */ = {isa = PBXBuildFile; fileRef = 514B49AB29593F260062C6F5 /* Landmarks_Tutorial_AppApp.swift */; };
		514B49AE29593F260062C6F5 /* ContentView.swift in Sources */ = {isa = PBXBuildFile; fileRef = 514B49AD29593F260062C6F5 /* ContentView.swift */; };
		514B49B029593F270062C6F5 /* Assets.xcassets in Resources */ = {isa = PBXBuildFile; fileRef = 514B49AF29593F270062C6F5 /* Assets.xcassets */; };
		514B49B329593F270062C6F5 /* Preview Assets.xcassets in Resources */ = {isa = PBXBuildFile; fileRef = 514B49B229593F270062C6F5 /* Preview Assets.xcassets */; };
		514B49BA295942280062C6F5 /* CircleImage.swift in Sources */ = {isa = PBXBuildFile; fileRef = 514B49B9295942280062C6F5 /* CircleImage.swift */; };
		514B49BC295942FD0062C6F5 /* MapView.swift in Sources */ = {isa = PBXBuildFile; fileRef = 514B49BB295942FD0062C6F5 /* MapView.swift */; };
		51FCD6C8295A256900C6C9DE /* FavoriteButton.swift in Sources */ = {isa = PBXBuildFile; fileRef = 51FCD6C7295A256900C6C9DE /* FavoriteButton.swift */; };
/* End PBXBuildFile section */

/* Begin PBXFileReference section */
		511652E429595DF800B0CC9A /* landmarkData.json */ = {isa = PBXFileReference; fileEncoding = 4; lastKnownFileType = text.json; path = landmarkData.json; sourceTree = "<group>"; };
		511652E629595E1200B0CC9A /* Landmark.swift */ = {isa = PBXFileReference; lastKnownFileType = sourcecode.swift; path = Landmark.swift; sourceTree = "<group>"; };
		511652E829595FC000B0CC9A /* ModelData.swift */ = {isa = PBXFileReference; lastKnownFileType = sourcecode.swift; path = ModelData.swift; sourceTree = "<group>"; };
		511652ED295961D100B0CC9A /* LandmarkRow.swift */ = {isa = PBXFileReference; lastKnownFileType = sourcecode.swift; path = LandmarkRow.swift; sourceTree = "<group>"; };
		511652F12959640900B0CC9A /* LandmarkList.swift */ = {isa = PBXFileReference; lastKnownFileType = sourcecode.swift; path = LandmarkList.swift; sourceTree = "<group>"; };
		511652F3295964E500B0CC9A /* LandmarkDetail.swift */ = {isa = PBXFileReference; lastKnownFileType = sourcecode.swift; path = LandmarkDetail.swift; sourceTree = "<group>"; };
		514B49A829593F260062C6F5 /* Landmarks Tutorial App.app */ = {isa = PBXFileReference; explicitFileType = wrapper.application; includeInIndex = 0; path = "Landmarks Tutorial App.app"; sourceTree = BUILT_PRODUCTS_DIR; };
		514B49AB29593F260062C6F5 /* Landmarks_Tutorial_AppApp.swift */ = {isa = PBXFileReference; lastKnownFileType = sourcecode.swift; path = Landmarks_Tutorial_AppApp.swift; sourceTree = "<group>"; };
		514B49AD29593F260062C6F5 /* ContentView.swift */ = {isa = PBXFileReference; lastKnownFileType = sourcecode.swift; path = ContentView.swift; sourceTree = "<group>"; };
		514B49AF29593F270062C6F5 /* Assets.xcassets */ = {isa = PBXFileReference; lastKnownFileType = folder.assetcatalog; path = Assets.xcassets; sourceTree = "<group>"; };
		514B49B229593F270062C6F5 /* Preview Assets.xcassets */ = {isa = PBXFileReference; lastKnownFileType = folder.assetcatalog; path = "Preview Assets.xcassets"; sourceTree = "<group>"; };
		514B49B9295942280062C6F5 /* CircleImage.swift */ = {isa = PBXFileReference; lastKnownFileType = sourcecode.swift; path = CircleImage.swift; sourceTree = "<group>"; };
		514B49BB295942FD0062C6F5 /* MapView.swift */ = {isa = PBXFileReference; lastKnownFileType = sourcecode.swift; path = MapView.swift; sourceTree = "<group>"; };
		51FCD6C7295A256900C6C9DE /* FavoriteButton.swift */ = {isa = PBXFileReference; lastKnownFileType = sourcecode.swift; path = FavoriteButton.swift; sourceTree = "<group>"; };
/* End PBXFileReference section */

/* Begin PBXFrameworksBuildPhase section */
		514B49A529593F260062C6F5 /* Frameworks */ = {
			isa = PBXFrameworksBuildPhase;
			buildActionMask = 2147483647;
			files = (
			);
			runOnlyForDeploymentPostprocessing = 0;
		};
/* End PBXFrameworksBuildPhase section */

/* Begin PBXGroup section */
		511652EA2959615500B0CC9A /* Views */ = {
			isa = PBXGroup;
			children = (
				514B49AD29593F260062C6F5 /* ContentView.swift */,
				51FCD6C9295A26B900C6C9DE /* Landmarks */,
				51FCD6CA295A26C300C6C9DE /* Helpers */,
			);
			path = Views;
			sourceTree = "<group>";
		};
		511652EB2959616400B0CC9A /* Resources */ = {
			isa = PBXGroup;
			children = (
				511652E429595DF800B0CC9A /* landmarkData.json */,
			);
			path = Resources;
			sourceTree = "<group>";
		};
		511652EC2959618300B0CC9A /* Models */ = {
			isa = PBXGroup;
			children = (
				511652E629595E1200B0CC9A /* Landmark.swift */,
				511652E829595FC000B0CC9A /* ModelData.swift */,
			);
			path = Models;
			sourceTree = "<group>";
		};
		514B499F29593F260062C6F5 = {
			isa = PBXGroup;
			children = (
				514B49AA29593F260062C6F5 /* Landmarks Tutorial App */,
				514B49A929593F260062C6F5 /* Products */,
			);
			sourceTree = "<group>";
		};
		514B49A929593F260062C6F5 /* Products */ = {
			isa = PBXGroup;
			children = (
				514B49A829593F260062C6F5 /* Landmarks Tutorial App.app */,
			);
			name = Products;
			sourceTree = "<group>";
		};
		514B49AA29593F260062C6F5 /* Landmarks Tutorial App */ = {
			isa = PBXGroup;
			children = (
				514B49AF29593F270062C6F5 /* Assets.xcassets */,
				514B49AB29593F260062C6F5 /* Landmarks_Tutorial_AppApp.swift */,
				511652EA2959615500B0CC9A /* Views */,
				511652EB2959616400B0CC9A /* Resources */,
				511652EC2959618300B0CC9A /* Models */,
				514B49B129593F270062C6F5 /* Preview Content */,
			);
			path = "Landmarks Tutorial App";
			sourceTree = "<group>";
		};
		514B49B129593F270062C6F5 /* Preview Content */ = {
			isa = PBXGroup;
			children = (
				514B49B229593F270062C6F5 /* Preview Assets.xcassets */,
			);
			path = "Preview Content";
			sourceTree = "<group>";
		};
		51FCD6C9295A26B900C6C9DE /* Landmarks */ = {
			isa = PBXGroup;
			children = (
				511652ED295961D100B0CC9A /* LandmarkRow.swift */,
				511652F12959640900B0CC9A /* LandmarkList.swift */,
				511652F3295964E500B0CC9A /* LandmarkDetail.swift */,
			);
			path = Landmarks;
			sourceTree = "<group>";
		};
		51FCD6CA295A26C300C6C9DE /* Helpers */ = {
			isa = PBXGroup;
			children = (
				514B49B9295942280062C6F5 /* CircleImage.swift */,
				514B49BB295942FD0062C6F5 /* MapView.swift */,
				51FCD6C7295A256900C6C9DE /* FavoriteButton.swift */,
			);
			path = Helpers;
			sourceTree = "<group>";
		};
/* End PBXGroup section */

/* Begin PBXNativeTarget section */
		514B49A729593F260062C6F5 /* Landmarks Tutorial App */ = {
			isa = PBXNativeTarget;
			buildConfigurationList = 514B49B629593F270062C6F5 /* Build configuration list for PBXNativeTarget "Landmarks Tutorial App" */;
			buildPhases = (
				514B49A429593F260062C6F5 /* Sources */,
				514B49A529593F260062C6F5 /* Frameworks */,
				514B49A629593F260062C6F5 /* Resources */,
			);
			buildRules = (
			);
			dependencies = (
			);
			name = "Landmarks Tutorial App";
			productName = "Landmarks Tutorial App";
			productReference = 514B49A829593F260062C6F5 /* Landmarks Tutorial App.app */;
			productType = "com.apple.product-type.application";
		};
/* End PBXNativeTarget section */

/* Begin PBXProject section */
		514B49A029593F260062C6F5 /* Project object */ = {
			isa = PBXProject;
			attributes = {
				BuildIndependentTargetsInParallel = 1;
				LastSwiftUpdateCheck = 1420;
				LastUpgradeCheck = 1420;
				TargetAttributes = {
					514B49A729593F260062C6F5 = {
						CreatedOnToolsVersion = 14.2;
					};
				};
			};
			buildConfigurationList = 514B49A329593F260062C6F5 /* Build configuration list for PBXProject "Landmarks Tutorial App" */;
			compatibilityVersion = "Xcode 14.0";
			developmentRegion = en;
			hasScannedForEncodings = 0;
			knownRegions = (
				en,
				Base,
			);
			mainGroup = 514B499F29593F260062C6F5;
			productRefGroup = 514B49A929593F260062C6F5 /* Products */;
			projectDirPath = "";
			projectRoot = "";
			targets = (
				514B49A729593F260062C6F5 /* Landmarks Tutorial App */,
			);
		};
/* End PBXProject section */

/* Begin PBXResourcesBuildPhase section */
		514B49A629593F260062C6F5 /* Resources */ = {
			isa = PBXResourcesBuildPhase;
			buildActionMask = 2147483647;
			files = (
				514B49B329593F270062C6F5 /* Preview Assets.xcassets in Resources */,
				514B49B029593F270062C6F5 /* Assets.xcassets in Resources */,
				511652E529595DF800B0CC9A /* landmarkData.json in Resources */,
			);
			runOnlyForDeploymentPostprocessing = 0;
		};
/* End PBXResourcesBuildPhase section */

/* Begin PBXSourcesBuildPhase section */
		514B49A429593F260062C6F5 /* Sources */ = {
			isa = PBXSourcesBuildPhase;
			buildActionMask = 2147483647;
			files = (
				514B49AE29593F260062C6F5 /* ContentView.swift in Sources */,
				514B49BC295942FD0062C6F5 /* MapView.swift in Sources */,
				514B49AC29593F260062C6F5 /* Landmarks_Tutorial_AppApp.swift in Sources */,
				51FCD6C8295A256900C6C9DE /* FavoriteButton.swift in Sources */,
				514B49BA295942280062C6F5 /* CircleImage.swift in Sources */,
				511652F4295964E500B0CC9A /* LandmarkDetail.swift in Sources */,
				511652E729595E1200B0CC9A /* Landmark.swift in Sources */,
				511652F22959640900B0CC9A /* LandmarkList.swift in Sources */,
				511652EE295961D100B0CC9A /* LandmarkRow.swift in Sources */,
				511652E929595FC000B0CC9A /* ModelData.swift in Sources */,
			);
			runOnlyForDeploymentPostprocessing = 0;
		};
/* End PBXSourcesBuildPhase section */

/* Begin XCBuildConfiguration section */
		514B49B429593F270062C6F5 /* Debug */ = {
			isa = XCBuildConfiguration;
			buildSettings = {
				ALWAYS_SEARCH_USER_PATHS = NO;
				CLANG_ANALYZER_NONNULL = YES;
				CLANG_ANALYZER_NUMBER_OBJECT_CONVERSION = YES_AGGRESSIVE;
				CLANG_CXX_LANGUAGE_STANDARD = "gnu++20";
				CLANG_ENABLE_MODULES = YES;
				CLANG_ENABLE_OBJC_ARC = YES;
				CLANG_ENABLE_OBJC_WEAK = YES;
				CLANG_WARN_BLOCK_CAPTURE_AUTORELEASING = YES;
				CLANG_WARN_BOOL_CONVERSION = YES;
				CLANG_WARN_COMMA = YES;
				CLANG_WARN_CONSTANT_CONVERSION = YES;
				CLANG_WARN_DEPRECATED_OBJC_IMPLEMENTATIONS = YES;
				CLANG_WARN_DIRECT_OBJC_ISA_USAGE = YES_ERROR;
				CLANG_WARN_DOCUMENTATION_COMMENTS = YES;
				CLANG_WARN_EMPTY_BODY = YES;
				CLANG_WARN_ENUM_CONVERSION = YES;
				CLANG_WARN_INFINITE_RECURSION = YES;
				CLANG_WARN_INT_CONVERSION = YES;
				CLANG_WARN_NON_LITERAL_NULL_CONVERSION = YES;
				CLANG_WARN_OBJC_IMPLICIT_RETAIN_SELF = YES;
				CLANG_WARN_OBJC_LITERAL_CONVERSION = YES;
				CLANG_WARN_OBJC_ROOT_CLASS = YES_ERROR;
				CLANG_WARN_QUOTED_INCLUDE_IN_FRAMEWORK_HEADER = YES;
				CLANG_WARN_RANGE_LOOP_ANALYSIS = YES;
				CLANG_WARN_STRICT_PROTOTYPES = YES;
				CLANG_WARN_SUSPICIOUS_MOVE = YES;
				CLANG_WARN_UNGUARDED_AVAILABILITY = YES_AGGRESSIVE;
				CLANG_WARN_UNREACHABLE_CODE = YES;
				CLANG_WARN__DUPLICATE_METHOD_MATCH = YES;
				COPY_PHASE_STRIP = NO;
				DEBUG_INFORMATION_FORMAT = dwarf;
				ENABLE_STRICT_OBJC_MSGSEND = YES;
				ENABLE_TESTABILITY = YES;
				GCC_C_LANGUAGE_STANDARD = gnu11;
				GCC_DYNAMIC_NO_PIC = NO;
				GCC_NO_COMMON_BLOCKS = YES;
				GCC_OPTIMIZATION_LEVEL = 0;
				GCC_PREPROCESSOR_DEFINITIONS = (
					"DEBUG=1",
					"$(inherited)",
				);
				GCC_WARN_64_TO_32_BIT_CONVERSION = YES;
				GCC_WARN_ABOUT_RETURN_TYPE = YES_ERROR;
				GCC_WARN_UNDECLARED_SELECTOR = YES;
				GCC_WARN_UNINITIALIZED_AUTOS = YES_AGGRESSIVE;
				GCC_WARN_UNUSED_FUNCTION = YES;
				GCC_WARN_UNUSED_VARIABLE = YES;
				IPHONEOS_DEPLOYMENT_TARGET = 16.2;
				MTL_ENABLE_DEBUG_INFO = INCLUDE_SOURCE;
				MTL_FAST_MATH = YES;
				ONLY_ACTIVE_ARCH = YES;
				SDKROOT = iphoneos;
				SWIFT_ACTIVE_COMPILATION_CONDITIONS = DEBUG;
				SWIFT_OPTIMIZATION_LEVEL = "-Onone";
			};
			name = Debug;
		};
		514B49B529593F270062C6F5 /* Release */ = {
			isa = XCBuildConfiguration;
			buildSettings = {
				ALWAYS_SEARCH_USER_PATHS = NO;
				CLANG_ANALYZER_NONNULL = YES;
				CLANG_ANALYZER_NUMBER_OBJECT_CONVERSION = YES_AGGRESSIVE;
				CLANG_CXX_LANGUAGE_STANDARD = "gnu++20";
				CLANG_ENABLE_MODULES = YES;
				CLANG_ENABLE_OBJC_ARC = YES;
				CLANG_ENABLE_OBJC_WEAK = YES;
				CLANG_WARN_BLOCK_CAPTURE_AUTORELEASING = YES;
				CLANG_WARN_BOOL_CONVERSION = YES;
				CLANG_WARN_COMMA = YES;
				CLANG_WARN_CONSTANT_CONVERSION = YES;
				CLANG_WARN_DEPRECATED_OBJC_IMPLEMENTATIONS = YES;
				CLANG_WARN_DIRECT_OBJC_ISA_USAGE = YES_ERROR;
				CLANG_WARN_DOCUMENTATION_COMMENTS = YES;
				CLANG_WARN_EMPTY_BODY = YES;
				CLANG_WARN_ENUM_CONVERSION = YES;
				CLANG_WARN_INFINITE_RECURSION = YES;
				CLANG_WARN_INT_CONVERSION = YES;
				CLANG_WARN_NON_LITERAL_NULL_CONVERSION = YES;
				CLANG_WARN_OBJC_IMPLICIT_RETAIN_SELF = YES;
				CLANG_WARN_OBJC_LITERAL_CONVERSION = YES;
				CLANG_WARN_OBJC_ROOT_CLASS = YES_ERROR;
				CLANG_WARN_QUOTED_INCLUDE_IN_FRAMEWORK_HEADER = YES;
				CLANG_WARN_RANGE_LOOP_ANALYSIS = YES;
				CLANG_WARN_STRICT_PROTOTYPES = YES;
				CLANG_WARN_SUSPICIOUS_MOVE = YES;
				CLANG_WARN_UNGUARDED_AVAILABILITY = YES_AGGRESSIVE;
				CLANG_WARN_UNREACHABLE_CODE = YES;
				CLANG_WARN__DUPLICATE_METHOD_MATCH = YES;
				COPY_PHASE_STRIP = NO;
				DEBUG_INFORMATION_FORMAT = "dwarf-with-dsym";
				ENABLE_NS_ASSERTIONS = NO;
				ENABLE_STRICT_OBJC_MSGSEND = YES;
				GCC_C_LANGUAGE_STANDARD = gnu11;
				GCC_NO_COMMON_BLOCKS = YES;
				GCC_WARN_64_TO_32_BIT_CONVERSION = YES;
				GCC_WARN_ABOUT_RETURN_TYPE = YES_ERROR;
				GCC_WARN_UNDECLARED_SELECTOR = YES;
				GCC_WARN_UNINITIALIZED_AUTOS = YES_AGGRESSIVE;
				GCC_WARN_UNUSED_FUNCTION = YES;
				GCC_WARN_UNUSED_VARIABLE = YES;
				IPHONEOS_DEPLOYMENT_TARGET = 16.2;
				MTL_ENABLE_DEBUG_INFO = NO;
				MTL_FAST_MATH = YES;
				SDKROOT = iphoneos;
				SWIFT_COMPILATION_MODE = wholemodule;
				SWIFT_OPTIMIZATION_LEVEL = "-O";
				VALIDATE_PRODUCT = YES;
			};
			name = Release;
		};
		514B49B729593F270062C6F5 /* Debug */ = {
			isa = XCBuildConfiguration;
			buildSettings = {
				ASSETCATALOG_COMPILER_APPICON_NAME = AppIcon;
				ASSETCATALOG_COMPILER_GLOBAL_ACCENT_COLOR_NAME = AccentColor;
				CODE_SIGN_STYLE = Automatic;
				CURRENT_PROJECT_VERSION = 1;
				DEVELOPMENT_ASSET_PATHS = "\"Landmarks Tutorial App/Preview Content\"";
				DEVELOPMENT_TEAM = D7D8LXAUVV;
				ENABLE_PREVIEWS = YES;
				GENERATE_INFOPLIST_FILE = YES;
				INFOPLIST_KEY_UIApplicationSceneManifest_Generation = YES;
				INFOPLIST_KEY_UIApplicationSupportsIndirectInputEvents = YES;
				INFOPLIST_KEY_UILaunchScreen_Generation = YES;
				INFOPLIST_KEY_UISupportedInterfaceOrientations_iPad = "UIInterfaceOrientationPortrait UIInterfaceOrientationPortraitUpsideDown UIInterfaceOrientationLandscapeLeft UIInterfaceOrientationLandscapeRight";
				INFOPLIST_KEY_UISupportedInterfaceOrientations_iPhone = "UIInterfaceOrientationPortrait UIInterfaceOrientationLandscapeLeft UIInterfaceOrientationLandscapeRight";
				LD_RUNPATH_SEARCH_PATHS = (
					"$(inherited)",
					"@executable_path/Frameworks",
				);
				MARKETING_VERSION = 1.0;
				PRODUCT_BUNDLE_IDENTIFIER = "com.albertshih3.Landmarks-Tutorial-App";
				PRODUCT_NAME = "$(TARGET_NAME)";
				SWIFT_EMIT_LOC_STRINGS = YES;
				SWIFT_VERSION = 5.0;
				TARGETED_DEVICE_FAMILY = "1,2";
			};
			name = Debug;
		};
		514B49B829593F270062C6F5 /* Release */ = {
			isa = XCBuildConfiguration;
			buildSettings = {
				ASSETCATALOG_COMPILER_APPICON_NAME = AppIcon;
				ASSETCATALOG_COMPILER_GLOBAL_ACCENT_COLOR_NAME = AccentColor;
				CODE_SIGN_STYLE = Automatic;
				CURRENT_PROJECT_VERSION = 1;
				DEVELOPMENT_ASSET_PATHS = "\"Landmarks Tutorial App/Preview Content\"";
				DEVELOPMENT_TEAM = D7D8LXAUVV;
				ENABLE_PREVIEWS = YES;
				GENERATE_INFOPLIST_FILE = YES;
				INFOPLIST_KEY_UIApplicationSceneManifest_Generation = YES;
				INFOPLIST_KEY_UIApplicationSupportsIndirectInputEvents = YES;
				INFOPLIST_KEY_UILaunchScreen_Generation = YES;
				INFOPLIST_KEY_UISupportedInterfaceOrientations_iPad = "UIInterfaceOrientationPortrait UIInterfaceOrientationPortraitUpsideDown UIInterfaceOrientationLandscapeLeft UIInterfaceOrientationLandscapeRight";
				INFOPLIST_KEY_UISupportedInterfaceOrientations_iPhone = "UIInterfaceOrientationPortrait UIInterfaceOrientationLandscapeLeft UIInterfaceOrientationLandscapeRight";
				LD_RUNPATH_SEARCH_PATHS = (
					"$(inherited)",
					"@executable_path/Frameworks",
				);
				MARKETING_VERSION = 1.0;
				PRODUCT_BUNDLE_IDENTIFIER = "com.albertshih3.Landmarks-Tutorial-App";
				PRODUCT_NAME = "$(TARGET_NAME)";
				SWIFT_EMIT_LOC_STRINGS = YES;
				SWIFT_VERSION = 5.0;
				TARGETED_DEVICE_FAMILY = "1,2";
			};
			name = Release;
		};
/* End XCBuildConfiguration section */

/* Begin XCConfigurationList section */
		514B49A329593F260062C6F5 /* Build configuration list for PBXProject "Landmarks Tutorial App" */ = {
			isa = XCConfigurationList;
			buildConfigurations = (
				514B49B429593F270062C6F5 /* Debug */,
				514B49B529593F270062C6F5 /* Release */,
			);
			defaultConfigurationIsVisible = 0;
			defaultConfigurationName = Release;
		};
		514B49B629593F270062C6F5 /* Build configuration list for PBXNativeTarget "Landmarks Tutorial App" */ = {
			isa = XCConfigurationList;
			buildConfigurations = (
				514B49B729593F270062C6F5 /* Debug */,
				514B49B829593F270062C6F5 /* Release */,
			);
			defaultConfigurationIsVisible = 0;
			defaultConfigurationName = Release;
		};
/* End XCConfigurationList section */
	};
	rootObject = 514B49A029593F260062C6F5 /* Project object */;
}
